
Microsoft Visual Studio Solution File, Format Version 12.00
# Visual Studio 14
VisualStudioVersion = 14.0.25123.0
MinimumVisualStudioVersion = 10.0.40219.1
Project("{B2A4B91F-6F84-4503-8BF1-326DC7F8D3F4}") = "Sitecore.Support.131687", "Sitecore.Support.131687\Sitecore.Support.131687.csproj", "{A7F2BC55-0738-443A-8F3D-40580E3BCFF0}"
EndProject
Global
	GlobalSection(SolutionConfigurationPlatforms) = preSolution
		Debug|Any CPU = Debug|Any CPU
		Release|Any CPU = Release|Any CPU
	EndGlobalSection
	GlobalSection(ProjectConfigurationPlatforms) = postSolution
		{A7F2BC55-0738-443A-8F3D-40580E3BCFF0}.Debug|Any CPU.ActiveCfg = Debug|Any CPU
		{A7F2BC55-0738-443A-8F3D-40580E3BCFF0}.Debug|Any CPU.Build.0 = Debug|Any CPU
		{A7F2BC55-0738-443A-8F3D-40580E3BCFF0}.Release|Any CPU.ActiveCfg = Release|Any CPU
		{A7F2BC55-0738-443A-8F3D-40580E3BCFF0}.Release|Any CPU.Build.0 = Release|Any CPU
	EndGlobalSection
	GlobalSection(SolutionProperties) = preSolution
		HideSolutionNode = FALSE
	EndGlobalSection
EndGlobal
